
Microsoft Visual Studio Solution File, Format Version 12.00
# Visual Studio Version 17
VisualStudioVersion = 17.11.35327.3
MinimumVisualStudioVersion = 10.0.40219.1
Project("{FAE04EC0-301F-11D3-BF4B-00C04F79EFBC}") = "TnTRFMod", "TnTRFMod.csproj", "{7485D57C-742E-4235-9AD5-E94AE1828CFE}"
EndProject
Global
	GlobalSection(SolutionConfigurationPlatforms) = preSolution
		Debug|Any CPU = Debug|Any CPU
		Release|Any CPU = Release|Any CPU
	EndGlobalSection
	GlobalSection(ProjectConfigurationPlatforms) = postSolution
		{7485D57C-742E-4235-9AD5-E94AE1828CFE}.Debug|Any CPU.ActiveCfg = Debug|Any CPU
		{7485D57C-742E-4235-9AD5-E94AE1828CFE}.Debug|Any CPU.Build.0 = Debug|Any CPU
		{7485D57C-742E-4235-9AD5-E94AE1828CFE}.Release|Any CPU.ActiveCfg = Release|Any CPU
		{7485D57C-742E-4235-9AD5-E94AE1828CFE}.Release|Any CPU.Build.0 = Release|Any CPU
	EndGlobalSection
	GlobalSection(SolutionProperties) = preSolution
		HideSolutionNode = FALSE
	EndGlobalSection
	GlobalSection(ExtensibilityGlobals) = postSolution
		SolutionGuid = {DD00BF4F-C012-46B2-8BA5-A8EE93548800}
	EndGlobalSection
EndGlobal
