Microsoft Visual Studio Solution File, Format Version 12.00
# Visual Studio Version 17
VisualStudioVersion = 17.5.2.0
MinimumVisualStudioVersion = 10.0.40219.1
Project("{FAE04EC0-301F-11D3-BF4B-00C04F79EFBC}") = "TnTRFMod", "TnTRFMod.csproj", "{EB86F980-4402-B061-3110-62249EE56812}"
EndProject
Global
	GlobalSection(SolutionConfigurationPlatforms) = preSolution
		MelonLoader|Any CPU = MelonLoader|Any CPU
		BepInEx|Any CPU = BepInEx|Any CPU
	EndGlobalSection
	GlobalSection(ProjectConfigurationPlatforms) = postSolution
		{EB86F980-4402-B061-3110-62249EE56812}.MelonLoader|Any CPU.ActiveCfg = MelonLoader|Any CPU
		{EB86F980-4402-B061-3110-62249EE56812}.MelonLoader|Any CPU.Build.0 = MelonLoader|Any CPU
		{EB86F980-4402-B061-3110-62249EE56812}.BepInEx|Any CPU.ActiveCfg = BepInEx|Any CPU
		{EB86F980-4402-B061-3110-62249EE56812}.BepInEx|Any CPU.Build.0 = BepInEx|Any CPU
	EndGlobalSection
	GlobalSection(SolutionProperties) = preSolution
		HideSolutionNode = FALSE
	EndGlobalSection
	GlobalSection(ExtensibilityGlobals) = postSolution
		SolutionGuid = {156135B1-D7BE-4B1A-AF91-04234EBE0B80}
	EndGlobalSection
EndGlobal
